github.com/mattn/go-sqlite3 v1.14.16 h1:yOQRA0RpS5PFz/oikGwBEqvAWhWg5ufRz4ETLjwpU1Y=
github.com/mattn/go-sqlite3 v1.14.16/go.mod h1:2eHXhiwb8IkHr+BDWZGa96P6+rkvnG63S2DGjv9HUNg=
shylinux.com/x/go-git/v5 v5.6.7 h1:WD5QSco7m3QooPCgdvQ6/GyGIFPun8C+hex5N41LYlk=
shylinux.com/x/go-git/v5 v5.6.7/go.mod h1:Qb0lA+uIrofZg8NQerhYcJHgGWixFqvS6p3aJ/L5Nlk=
shylinux.com/x/go-qrcode v0.0.3 h1:RMo+Vidbgq3HatLBj7DDXcTbTLFUwzis5K7TqBkD38U=
shylinux.com/x/go-qrcode v0.0.3/go.mod h1:KAbtU+KwiiABMZ/CJ0zh9PI2AX82Uf9rRYcQ4ODm4po=
shylinux.com/x/go-sql-mysql v0.0.2 h1:XcsMEF3KnFmRu6EmxIwIF6M1o2tD1NQvel3U9m+1Ap4=
shylinux.com/x/go-sql-mysql v0.0.2/go.mod h1:lHjRMZz5Lii6U+49fhkbCWgsnL+yux54SYJYWqASN8Y=
shylinux.com/x/ice v1.5.5 h1:hEFv9O8yU3ectGC9x0ry/FwAyFUkMKLskaa2qE7ZEj8=
shylinux.com/x/ice v1.5.5/go.mod h1:mJIkbC/46weok+JCqNBZJ5Qdk3LiGH+rg6W0a8wV7Rg=
shylinux.com/x/icebergs v1.9.5 h1:jsALQ6jB6ife39rxZ0DtNVEpK6mgiBFcrl98RWqAgK4=
shylinux.com/x/icebergs v1.9.5/go.mod h1:DYPZ6CGIRAU2bq8VvmfA9ApEM+DnGDCP6KCMfHkD6Gk=
shylinux.com/x/toolkits v0.7.10/go.mod h1:CHDJarGlDkg60kVsvMLYL/a5hAnRLEOShiEsMOuEp0Q=
shylinux.com/x/toolkits v1.0.5 h1:0siROY35Y3l66BAIv2Pm5josHjAteQE8aklFd1W8edE=
shylinux.com/x/toolkits v1.0.5/go.mod h1:CHDJarGlDkg60kVsvMLYL/a5hAnRLEOShiEsMOuEp0Q=
shylinux.com/x/websocket v0.0.4 h1:AJpwblePoOpiE6C8NrvgNYpKTotXMLrDDX2chTvx44Q=
shylinux.com/x/websocket v0.0.4/go.mod h1:3UGWkjTu3ie5NAZen7J+uLPBrO7DFeKloj6Jxo13Oiw=
