github.com/mattn/go-sqlite3 v1.14.16 h1:yOQRA0RpS5PFz/oikGwBEqvAWhWg5ufRz4ETLjwpU1Y=
github.com/mattn/go-sqlite3 v1.14.16/go.mod h1:2eHXhiwb8IkHr+BDWZGa96P6+rkvnG63S2DGjv9HUNg=
shylinux.com/x/go-git/v5 v5.6.7 h1:WD5QSco7m3QooPCgdvQ6/GyGIFPun8C+hex5N41LYlk=
shylinux.com/x/go-git/v5 v5.6.7/go.mod h1:Qb0lA+uIrofZg8NQerhYcJHgGWixFqvS6p3aJ/L5Nlk=
shylinux.com/x/go-qrcode v0.0.3 h1:RMo+Vidbgq3HatLBj7DDXcTbTLFUwzis5K7TqBkD38U=
shylinux.com/x/go-qrcode v0.0.3/go.mod h1:KAbtU+KwiiABMZ/CJ0zh9PI2AX82Uf9rRYcQ4ODm4po=
shylinux.com/x/go-sql-mysql v0.0.2 h1:XcsMEF3KnFmRu6EmxIwIF6M1o2tD1NQvel3U9m+1Ap4=
shylinux.com/x/go-sql-mysql v0.0.2/go.mod h1:lHjRMZz5Lii6U+49fhkbCWgsnL+yux54SYJYWqASN8Y=
shylinux.com/x/ice v1.4.1 h1:UiOJkSaYKrro2qhVhNqjteH/KK4P2kBissxhpMn4Ft0=
shylinux.com/x/ice v1.4.1/go.mod h1:fL9hkig+Aw/ueoVZcrzEzz5CAH47Bw79/eQcjfWLS90=
shylinux.com/x/icebergs v1.8.1 h1:R4UYfwaq1uTutOaeRLideKT0FmwM5434Bi3rzW+Seos=
shylinux.com/x/icebergs v1.8.1/go.mod h1:9YqM6/lgCAUscHblf785QmChCJgdSS3bFNAf+Fd1y6M=
shylinux.com/x/toolkits v0.7.10/go.mod h1:CHDJarGlDkg60kVsvMLYL/a5hAnRLEOShiEsMOuEp0Q=
shylinux.com/x/toolkits v0.8.1 h1:7rK3+PVPnO+2ChD/y5vAhC6IWzld0Nk78qjj+M8Q1Ww=
shylinux.com/x/toolkits v0.8.1/go.mod h1:CHDJarGlDkg60kVsvMLYL/a5hAnRLEOShiEsMOuEp0Q=
shylinux.com/x/websocket v0.0.3 h1:edhLwCp0Mv1ITXqIwbVWdXdX2+vui/jRnS25K89k68I=
shylinux.com/x/websocket v0.0.3/go.mod h1:3UGWkjTu3ie5NAZen7J+uLPBrO7DFeKloj6Jxo13Oiw=
